# This file is automatically @generated by Cargo.
# It is not intended for manual editing.
[[package]]
name = "Inflector"
version = "0.11.4"
source = "registry+https://github.com/rust-lang/crates.io-index"
checksum = "fe438c63458706e03479442743baae6c88256498e6431708f6dfc520a26515d3"
dependencies = [
 "lazy_static",
 "regex",
]

[[package]]
name = "aho-corasick"
version = "0.7.10"
source = "registry+https://github.com/rust-lang/crates.io-index"
checksum = "8716408b8bc624ed7f65d223ddb9ac2d044c0547b6fa4b0d554f3a9540496ada"
dependencies = [
 "memchr",
]

[[package]]
name = "arrayref"
version = "0.3.6"
source = "registry+https://github.com/rust-lang/crates.io-index"
checksum = "a4c527152e37cf757a3f78aae5a06fbeefdb07ccc535c980a3208ee3060dd544"

[[package]]
name = "arrayvec"
version = "0.4.12"
source = "registry+https://github.com/rust-lang/crates.io-index"
checksum = "cd9fd44efafa8690358b7408d253adf110036b88f55672a933f01d616ad9b1b9"
dependencies = [
 "nodrop",
]

[[package]]
name = "arrayvec"
version = "0.5.1"
source = "registry+https://github.com/rust-lang/crates.io-index"
checksum = "cff77d8686867eceff3105329d4698d96c2391c176d5d03adc90c7389162b5b8"

[[package]]
name = "autocfg"
version = "1.0.0"
source = "registry+https://github.com/rust-lang/crates.io-index"
checksum = "f8aac770f1885fd7e387acedd76065302551364496e46b3dd00860b2f8359b9d"

[[package]]
name = "bitmask"
version = "0.5.0"
source = "registry+https://github.com/rust-lang/crates.io-index"
checksum = "5da9b3d9f6f585199287a473f4f8dfab6566cf827d15c00c219f53c645687ead"

[[package]]
name = "blake2-rfc"
version = "0.2.18"
source = "registry+https://github.com/rust-lang/crates.io-index"
checksum = "5d6d530bdd2d52966a6d03b7a964add7ae1a288d25214066fd4b600f0f796400"
dependencies = [
 "arrayvec 0.4.12",
 "constant_time_eq",
]

[[package]]
name = "block-buffer"
version = "0.7.3"
source = "registry+https://github.com/rust-lang/crates.io-index"
checksum = "c0940dc441f31689269e10ac70eb1002a3a1d3ad1390e030043662eb7fe4688b"
dependencies = [
 "block-padding",
 "byte-tools",
 "byteorder",
 "generic-array 0.12.3",
]

[[package]]
name = "block-buffer"
version = "0.9.0"
source = "registry+https://github.com/rust-lang/crates.io-index"
checksum = "4152116fd6e9dadb291ae18fc1ec3575ed6d84c29642d97890f4b4a3417297e4"
dependencies = [
 "generic-array 0.14.4",
]

[[package]]
name = "block-padding"
version = "0.1.5"
source = "registry+https://github.com/rust-lang/crates.io-index"
checksum = "fa79dedbb091f449f1f39e53edf88d5dbe95f895dae6135a8d7b881fb5af73f5"
dependencies = [
 "byte-tools",
]

[[package]]
name = "byte-slice-cast"
version = "0.3.5"
source = "registry+https://github.com/rust-lang/crates.io-index"
checksum = "b0a5e3906bcbf133e33c1d4d95afc664ad37fbdb9f6568d8043e7ea8c27d93d3"

[[package]]
name = "byte-tools"
version = "0.3.1"
source = "registry+https://github.com/rust-lang/crates.io-index"
checksum = "e3b5ca7a04898ad4bcd41c90c5285445ff5b791899bb1b0abdd2a2aa791211d7"

[[package]]
name = "byteorder"
version = "1.3.4"
source = "registry+https://github.com/rust-lang/crates.io-index"
checksum = "08c48aae112d48ed9f069b33538ea9e3e90aa263cfa3d1c24309612b1f7472de"

[[package]]
name = "cfg-if"
version = "0.1.10"
source = "registry+https://github.com/rust-lang/crates.io-index"
checksum = "4785bdd1c96b2a846b2bd7cc02e86b6b3dbf14e7e53446c4f54c92a361040822"

[[package]]
name = "constant_time_eq"
version = "0.1.5"
source = "registry+https://github.com/rust-lang/crates.io-index"
checksum = "245097e9a4535ee1e3e3931fcfcd55a796a44c643e8596ff6566d68f09b87bbc"

[[package]]
name = "cpuid-bool"
version = "0.1.2"
source = "registry+https://github.com/rust-lang/crates.io-index"
checksum = "8aebca1129a03dc6dc2b127edd729435bbc4a37e1d5f4d7513165089ceb02634"

[[package]]
name = "crunchy"
version = "0.2.2"
source = "registry+https://github.com/rust-lang/crates.io-index"
checksum = "7a81dae078cea95a014a339291cec439d2f232ebe854a9d672b796c6afafa9b7"

[[package]]
name = "crypto-mac"
version = "0.7.0"
source = "registry+https://github.com/rust-lang/crates.io-index"
checksum = "4434400df11d95d556bac068ddfedd482915eb18fe8bea89bc80b6e4b1c179e5"
dependencies = [
 "generic-array 0.12.3",
 "subtle 1.0.0",
]

[[package]]
name = "curve25519-dalek"
version = "2.0.0"
source = "registry+https://github.com/rust-lang/crates.io-index"
checksum = "26778518a7f6cffa1d25a44b602b62b979bd88adb9e99ffec546998cf3404839"
dependencies = [
 "byteorder",
 "digest 0.8.1",
 "rand_core",
 "subtle 2.2.2",
 "zeroize",
]

[[package]]
name = "curve25519-dalek"
version = "3.0.0"
source = "registry+https://github.com/rust-lang/crates.io-index"
checksum = "c8492de420e9e60bc9a1d66e2dbb91825390b738a388606600663fc529b4b307"
dependencies = [
 "byteorder",
 "digest 0.9.0",
 "rand_core",
 "subtle 2.2.2",
 "zeroize",
]

[[package]]
name = "derive_more"
version = "0.99.10"
source = "registry+https://github.com/rust-lang/crates.io-index"
checksum = "1dcfabdab475c16a93d669dddfc393027803e347d09663f524447f642fbb84ba"
dependencies = [
 "proc-macro2",
 "quote",
 "syn",
]

[[package]]
name = "digest"
version = "0.8.1"
source = "registry+https://github.com/rust-lang/crates.io-index"
checksum = "f3d0c8c8752312f9713efd397ff63acb9f85585afbf179282e720e7704954dd5"
dependencies = [
 "generic-array 0.12.3",
]

[[package]]
name = "digest"
version = "0.9.0"
source = "registry+https://github.com/rust-lang/crates.io-index"
checksum = "d3dd60d1080a57a05ab032377049e0591415d2b31afd7028356dbf3cc6dcb066"
dependencies = [
 "generic-array 0.14.4",
]

[[package]]
name = "ed25519"
version = "1.0.1"
source = "registry+https://github.com/rust-lang/crates.io-index"
checksum = "bf038a7b6fd7ef78ad3348b63f3a17550877b0e28f8d68bcc94894d1412158bc"
dependencies = [
 "signature",
]

[[package]]
name = "ed25519-dalek"
version = "1.0.0"
source = "registry+https://github.com/rust-lang/crates.io-index"
checksum = "53d2e93f837d749c16d118e7ddf7a4dfd0ac8f452cf51e46e9348824e5ef6851"
dependencies = [
 "curve25519-dalek 3.0.0",
 "ed25519",
 "rand",
 "sha2 0.9.1",
 "zeroize",
]

[[package]]
name = "either"
version = "1.6.0"
source = "registry+https://github.com/rust-lang/crates.io-index"
checksum = "cd56b59865bce947ac5958779cfa508f6c3b9497cc762b7e24a12d11ccde2c4f"

[[package]]
name = "fake-simd"
version = "0.1.2"
source = "registry+https://github.com/rust-lang/crates.io-index"
checksum = "e88a8acf291dafb59c2d96e8f59828f3838bb1a70398823ade51a84de6a6deed"

[[package]]
name = "fixed-hash"
version = "0.6.1"
source = "registry+https://github.com/rust-lang/crates.io-index"
checksum = "11498d382790b7a8f2fd211780bec78619bba81cdad3a283997c0c41f836759c"
dependencies = [
 "static_assertions",
]

[[package]]
name = "frame-metadata"
version = "11.0.0-rc5"
source = "registry+https://github.com/rust-lang/crates.io-index"
checksum = "16e1fe409ad74aa3956aa512079b465c442534c72857209fdfc8748f4dc348ee"
dependencies = [
 "parity-scale-codec",
 "sp-core",
 "sp-std",
]

[[package]]
name = "frame-support"
version = "2.0.0-rc5"
source = "registry+https://github.com/rust-lang/crates.io-index"
checksum = "4cee5bb7f1aa51cec540d004bd72822f234921a926786299e9121e1b99f4365f"
dependencies = [
 "bitmask",
 "frame-metadata",
 "frame-support-procedural",
 "impl-trait-for-tuples",
 "log",
 "parity-scale-codec",
 "paste",
 "smallvec",
 "sp-arithmetic",
 "sp-core",
 "sp-inherents",
 "sp-io",
 "sp-runtime",
 "sp-std",
 "sp-tracing",
]

[[package]]
name = "frame-support-procedural"
version = "2.0.0-rc5"
source = "registry+https://github.com/rust-lang/crates.io-index"
checksum = "73cd91cd2314249766408bea62535f31040d91568a15fe8ae51a9a01eb0a9f9f"
dependencies = [
 "frame-support-procedural-tools",
 "proc-macro2",
 "quote",
 "syn",
]

[[package]]
name = "frame-support-procedural-tools"
version = "2.0.0-rc5"
source = "registry+https://github.com/rust-lang/crates.io-index"
checksum = "5fd7ea4d0ff435c17d64dacd3bc7fd9b90fbdabcd2b8a5162eea775feba8ae52"
dependencies = [
 "frame-support-procedural-tools-derive",
 "proc-macro-crate",
 "proc-macro2",
 "quote",
 "syn",
]

[[package]]
name = "frame-support-procedural-tools-derive"
version = "2.0.0-rc5"
source = "registry+https://github.com/rust-lang/crates.io-index"
checksum = "a933eeef6264ad5980b1d63f41d9dc67b5c3047459820637b23cd298269abd29"
dependencies = [
 "proc-macro2",
 "quote",
 "syn",
]

[[package]]
name = "frame-system"
version = "2.0.0-rc5"
source = "registry+https://github.com/rust-lang/crates.io-index"
checksum = "523fd30378fe67111b1ab14eb4ab66206a0326e95aabbc8661a74b670101f6f9"
dependencies = [
 "frame-support",
 "impl-trait-for-tuples",
 "parity-scale-codec",
 "sp-core",
 "sp-io",
 "sp-runtime",
 "sp-std",
 "sp-version",
]

[[package]]
name = "generic-array"
version = "0.12.3"
source = "registry+https://github.com/rust-lang/crates.io-index"
checksum = "c68f0274ae0e023facc3c97b2e00f076be70e254bc851d972503b328db79b2ec"
dependencies = [
 "typenum",
]

[[package]]
name = "generic-array"
version = "0.14.4"
source = "registry+https://github.com/rust-lang/crates.io-index"
checksum = "501466ecc8a30d1d3b7fc9229b122b2ce8ed6e9d9223f1138d4babb253e51817"
dependencies = [
 "typenum",
 "version_check",
]

[[package]]
name = "hash-db"
version = "0.15.2"
source = "registry+https://github.com/rust-lang/crates.io-index"
checksum = "d23bd4e7b5eda0d0f3a307e8b381fdc8ba9000f26fbe912250c0a4cc3956364a"

[[package]]
name = "hash256-std-hasher"
version = "0.15.2"
source = "registry+https://github.com/rust-lang/crates.io-index"
checksum = "92c171d55b98633f4ed3860808f004099b36c1cc29c42cfc53aa8591b21efcf2"
dependencies = [
 "crunchy",
]

[[package]]
name = "hex"
version = "0.4.2"
source = "registry+https://github.com/rust-lang/crates.io-index"
checksum = "644f9158b2f133fd50f5fb3242878846d9eb792e445c893805ff0e3824006e35"

[[package]]
name = "hmac"
version = "0.7.1"
source = "registry+https://github.com/rust-lang/crates.io-index"
checksum = "5dcb5e64cda4c23119ab41ba960d1e170a774c8e4b9d9e6a9bc18aabf5e59695"
dependencies = [
 "crypto-mac",
 "digest 0.8.1",
]

[[package]]
name = "hmac-drbg"
version = "0.2.0"
source = "registry+https://github.com/rust-lang/crates.io-index"
checksum = "c6e570451493f10f6581b48cdd530413b63ea9e780f544bfd3bdcaa0d89d1a7b"
dependencies = [
 "digest 0.8.1",
 "generic-array 0.12.3",
 "hmac",
]

[[package]]
name = "impl-codec"
version = "0.4.2"
source = "registry+https://github.com/rust-lang/crates.io-index"
checksum = "1be51a921b067b0eaca2fad532d9400041561aa922221cc65f95a85641c6bf53"
dependencies = [
 "parity-scale-codec",
]

[[package]]
name = "impl-trait-for-tuples"
version = "0.1.3"
source = "registry+https://github.com/rust-lang/crates.io-index"
checksum = "7ef5550a42e3740a0e71f909d4c861056a284060af885ae7aa6242820f920d9d"
dependencies = [
 "proc-macro2",
 "quote",
 "syn",
]

[[package]]
name = "integer-sqrt"
version = "0.1.3"
source = "registry+https://github.com/rust-lang/crates.io-index"
checksum = "f65877bf7d44897a473350b1046277941cee20b263397e90869c50b6e766088b"

[[package]]
name = "keccak"
version = "0.1.0"
source = "registry+https://github.com/rust-lang/crates.io-index"
checksum = "67c21572b4949434e4fc1e1978b99c5f77064153c59d998bf13ecd96fb5ecba7"

[[package]]
name = "lazy_static"
version = "1.4.0"
source = "registry+https://github.com/rust-lang/crates.io-index"
checksum = "e2abad23fbc42b3700f2f279844dc832adb2b2eb069b2df918f455c4e18cc646"

[[package]]
name = "libc"
version = "0.2.68"
source = "registry+https://github.com/rust-lang/crates.io-index"
checksum = "dea0c0405123bba743ee3f91f49b1c7cfb684eef0da0a50110f758ccf24cdff0"

[[package]]
name = "libsecp256k1"
version = "0.3.5"
source = "registry+https://github.com/rust-lang/crates.io-index"
checksum = "1fc1e2c808481a63dc6da2074752fdd4336a3c8fcc68b83db6f1fd5224ae7962"
dependencies = [
 "arrayref",
 "crunchy",
 "digest 0.8.1",
 "hmac-drbg",
 "rand",
 "sha2 0.8.1",
 "subtle 2.2.2",
 "typenum",
]

[[package]]
name = "log"
version = "0.4.8"
source = "registry+https://github.com/rust-lang/crates.io-index"
checksum = "14b6052be84e6b71ab17edffc2eeabf5c2c3ae1fdb464aae35ac50c67a44e1f7"
dependencies = [
 "cfg-if",
]

[[package]]
name = "memchr"
version = "2.3.3"
source = "registry+https://github.com/rust-lang/crates.io-index"
checksum = "3728d817d99e5ac407411fa471ff9800a778d88a24685968b36824eaf4bee400"

[[package]]
name = "merlin"
version = "2.0.0"
source = "registry+https://github.com/rust-lang/crates.io-index"
checksum = "c6feca46f4fa3443a01769d768727f10c10a20fdb65e52dc16a81f0c8269bb78"
dependencies = [
 "byteorder",
 "keccak",
 "rand_core",
 "zeroize",
]

[[package]]
name = "nodrop"
version = "0.1.14"
source = "registry+https://github.com/rust-lang/crates.io-index"
checksum = "72ef4a56884ca558e5ddb05a1d1e7e1bfd9a68d9ed024c21704cc98872dae1bb"

[[package]]
name = "num-traits"
version = "0.2.11"
source = "registry+https://github.com/rust-lang/crates.io-index"
checksum = "c62be47e61d1842b9170f0fdeec8eba98e60e90e5446449a0545e5152acd7096"
dependencies = [
 "autocfg",
]

[[package]]
name = "opaque-debug"
version = "0.2.3"
source = "registry+https://github.com/rust-lang/crates.io-index"
checksum = "2839e79665f131bdb5782e51f2c6c9599c133c6098982a54c794358bf432529c"

[[package]]
name = "opaque-debug"
version = "0.3.0"
source = "registry+https://github.com/rust-lang/crates.io-index"
checksum = "624a8340c38c1b80fd549087862da4ba43e08858af025b236e509b6649fc13d5"

[[package]]
name = "pallet-balances"
version = "2.0.0-rc5"
source = "registry+https://github.com/rust-lang/crates.io-index"
checksum = "f5e2f1a1918319da7e6c43279837a89d20271dbe48a7d4e578b23fb58455a8d4"
dependencies = [
 "frame-support",
 "frame-system",
 "parity-scale-codec",
 "sp-runtime",
 "sp-std",
]

[[package]]
name = "parity-scale-codec"
version = "1.3.5"
source = "registry+https://github.com/rust-lang/crates.io-index"
checksum = "7c740e5fbcb6847058b40ac7e5574766c6388f585e184d769910fe0d3a2ca861"
dependencies = [
 "arrayvec 0.5.1",
 "byte-slice-cast",
 "parity-scale-codec-derive",
]

[[package]]
name = "parity-scale-codec-derive"
version = "1.2.2"
source = "registry+https://github.com/rust-lang/crates.io-index"
checksum = "198db82bb1c18fc00176004462dd809b2a6d851669550aa17af6dacd21ae0c14"
dependencies = [
 "proc-macro-crate",
 "proc-macro2",
 "quote",
 "syn",
]

[[package]]
name = "parity-util-mem"
version = "0.7.0"
source = "registry+https://github.com/rust-lang/crates.io-index"
checksum = "297ff91fa36aec49ce183484b102f6b75b46776822bd81525bfc4cc9b0dd0f5c"
dependencies = [
 "cfg-if",
 "impl-trait-for-tuples",
 "parity-util-mem-derive",
 "primitive-types",
 "winapi",
]

[[package]]
name = "parity-util-mem-derive"
version = "0.1.0"
source = "registry+https://github.com/rust-lang/crates.io-index"
checksum = "f557c32c6d268a07c921471619c0295f5efad3a0e76d4f97a05c091a51d110b2"
dependencies = [
 "proc-macro2",
 "syn",
 "synstructure",
]

[[package]]
name = "paste"
version = "0.1.7"
source = "registry+https://github.com/rust-lang/crates.io-index"
checksum = "63e1afe738d71b1ebab5f1207c055054015427dbfc7bbe9ee1266894156ec046"
dependencies = [
 "paste-impl",
 "proc-macro-hack",
]

[[package]]
name = "paste-impl"
version = "0.1.7"
source = "registry+https://github.com/rust-lang/crates.io-index"
checksum = "6d4dc4a7f6f743211c5aab239640a65091535d97d43d92a52bca435a640892bb"
dependencies = [
 "proc-macro-hack",
 "proc-macro2",
 "quote",
 "syn",
]

[[package]]
name = "ppv-lite86"
version = "0.2.6"
source = "registry+https://github.com/rust-lang/crates.io-index"
checksum = "74490b50b9fbe561ac330df47c08f3f33073d2d00c150f719147d7c54522fa1b"

[[package]]
name = "primitive-types"
version = "0.7.1"
source = "registry+https://github.com/rust-lang/crates.io-index"
checksum = "d3dedac218327b6b55fff5ef05f63ce5127024e1a36342836da7e92cbfac4531"
dependencies = [
 "fixed-hash",
 "impl-codec",
 "uint",
]

[[package]]
name = "proc-macro-crate"
version = "0.1.4"
source = "registry+https://github.com/rust-lang/crates.io-index"
checksum = "e10d4b51f154c8a7fb96fd6dad097cb74b863943ec010ac94b9fd1be8861fe1e"
dependencies = [
 "toml",
]

[[package]]
name = "proc-macro-hack"
version = "0.5.14"
source = "registry+https://github.com/rust-lang/crates.io-index"
checksum = "fcfdefadc3d57ca21cf17990a28ef4c0f7c61383a28cb7604cf4a18e6ede1420"

[[package]]
name = "proc-macro2"
version = "1.0.9"
source = "registry+https://github.com/rust-lang/crates.io-index"
checksum = "6c09721c6781493a2a492a96b5a5bf19b65917fe6728884e7c44dd0c60ca3435"
dependencies = [
 "unicode-xid",
]

[[package]]
name = "quote"
version = "1.0.3"
source = "registry+https://github.com/rust-lang/crates.io-index"
checksum = "2bdc6c187c65bca4260c9011c9e3132efe4909da44726bad24cf7572ae338d7f"
dependencies = [
 "proc-macro2",
]

[[package]]
name = "rand"
version = "0.7.3"
source = "registry+https://github.com/rust-lang/crates.io-index"
checksum = "6a6b1679d49b24bbfe0c803429aa1874472f50d9b363131f0e89fc356b544d03"
dependencies = [
 "rand_chacha",
 "rand_core",
 "rand_hc",
]

[[package]]
name = "rand_chacha"
version = "0.2.2"
source = "registry+https://github.com/rust-lang/crates.io-index"
checksum = "f4c8ed856279c9737206bf725bf36935d8666ead7aa69b52be55af369d193402"
dependencies = [
 "ppv-lite86",
 "rand_core",
]

[[package]]
name = "rand_core"
version = "0.5.1"
source = "registry+https://github.com/rust-lang/crates.io-index"
checksum = "90bde5296fc891b0cef12a6d03ddccc162ce7b2aff54160af9338f8d40df6d19"

[[package]]
name = "rand_hc"
version = "0.2.0"
source = "registry+https://github.com/rust-lang/crates.io-index"
checksum = "ca3129af7b92a17112d59ad498c6f81eaf463253766b90396d39ea7a39d6613c"
dependencies = [
 "rand_core",
]

[[package]]
name = "ref-cast"
version = "1.0.1"
source = "registry+https://github.com/rust-lang/crates.io-index"
checksum = "0a214c7875e1b63fc1618db7c80efc0954f6156c9ff07699fd9039e255accdd1"
dependencies = [
 "ref-cast-impl",
]

[[package]]
name = "ref-cast-impl"
version = "1.0.1"
source = "registry+https://github.com/rust-lang/crates.io-index"
checksum = "602eb59cda66fcb9aec25841fb76bc01d2b34282dcdd705028da297db6f3eec8"
dependencies = [
 "proc-macro2",
 "quote",
 "syn",
]

[[package]]
name = "regex"
version = "1.3.5"
source = "registry+https://github.com/rust-lang/crates.io-index"
checksum = "8900ebc1363efa7ea1c399ccc32daed870b4002651e0bed86e72d501ebbe0048"
dependencies = [
 "aho-corasick",
 "memchr",
 "regex-syntax",
 "thread_local",
]

[[package]]
name = "regex-syntax"
version = "0.6.17"
source = "registry+https://github.com/rust-lang/crates.io-index"
checksum = "7fe5bd57d1d7414c6b5ed48563a2c855d995ff777729dcd91c369ec7fea395ae"

[[package]]
name = "rustc-hex"
version = "2.1.0"
source = "registry+https://github.com/rust-lang/crates.io-index"
checksum = "3e75f6a532d0fd9f7f13144f392b6ad56a32696bfcd9c78f797f16bbb6f072d6"

[[package]]
name = "schnorrkel"
version = "0.9.1"
source = "registry+https://github.com/rust-lang/crates.io-index"
checksum = "021b403afe70d81eea68f6ea12f6b3c9588e5d536a94c3bf80f15e7faa267862"
dependencies = [
 "arrayref",
 "arrayvec 0.5.1",
 "curve25519-dalek 2.0.0",
 "merlin",
 "rand_core",
 "sha2 0.8.1",
 "subtle 2.2.2",
 "zeroize",
]

[[package]]
name = "secrecy"
version = "0.6.0"
source = "registry+https://github.com/rust-lang/crates.io-index"
checksum = "9182278ed645df3477a9c27bfee0621c621aa16f6972635f7f795dae3d81070f"
dependencies = [
 "zeroize",
]

[[package]]
name = "serde"
version = "1.0.105"
source = "registry+https://github.com/rust-lang/crates.io-index"
checksum = "e707fbbf255b8fc8c3b99abb91e7257a622caeb20a9818cbadbeeede4e0932ff"

[[package]]
name = "sha2"
version = "0.8.1"
source = "registry+https://github.com/rust-lang/crates.io-index"
checksum = "27044adfd2e1f077f649f59deb9490d3941d674002f7d062870a60ebe9bd47a0"
dependencies = [
 "block-buffer 0.7.3",
 "digest 0.8.1",
 "fake-simd",
 "opaque-debug 0.2.3",
]

[[package]]
name = "sha2"
version = "0.9.1"
source = "registry+https://github.com/rust-lang/crates.io-index"
checksum = "2933378ddfeda7ea26f48c555bdad8bb446bf8a3d17832dc83e380d444cfb8c1"
dependencies = [
 "block-buffer 0.9.0",
 "cfg-if",
 "cpuid-bool",
 "digest 0.9.0",
 "opaque-debug 0.3.0",
]

[[package]]
name = "signature"
version = "1.2.2"
source = "registry+https://github.com/rust-lang/crates.io-index"
checksum = "29f060a7d147e33490ec10da418795238fd7545bba241504d6b31a409f2e6210"

[[package]]
name = "smallvec"
version = "1.4.2"
source = "registry+https://github.com/rust-lang/crates.io-index"
checksum = "fbee7696b84bbf3d89a1c2eccff0850e3047ed46bfcd2e92c29a2d074d57e252"

[[package]]
name = "sp-application-crypto"
version = "2.0.0-rc5"
source = "registry+https://github.com/rust-lang/crates.io-index"
checksum = "7e8504120e1d542bb726ca43147f0eb0f637f1b769b39932bafe4bdb5da7a12b"
dependencies = [
 "parity-scale-codec",
 "sp-core",
 "sp-io",
 "sp-std",
]

[[package]]
name = "sp-arithmetic"
version = "2.0.0-rc5"
source = "registry+https://github.com/rust-lang/crates.io-index"
checksum = "8b472a16a6653d84bbb9ce148c75e136f468b24479e1fbb3219dde88341fde89"
dependencies = [
 "integer-sqrt",
 "num-traits",
 "parity-scale-codec",
 "sp-debug-derive",
 "sp-std",
]

[[package]]
name = "sp-core"
version = "2.0.0-rc5"
source = "registry+https://github.com/rust-lang/crates.io-index"
checksum = "d536eb6fc48352dfd80bce71a880517fa8894ed22e6a2f73c7ed61fbcc30a919"
dependencies = [
 "blake2-rfc",
 "byteorder",
 "derive_more",
 "ed25519-dalek",
 "hash-db",
 "hash256-std-hasher",
 "hex",
 "libsecp256k1",
 "log",
 "merlin",
 "num-traits",
 "parity-scale-codec",
 "parity-util-mem",
 "primitive-types",
 "schnorrkel",
 "secrecy",
 "sha2 0.8.1",
 "sp-debug-derive",
 "sp-runtime-interface",
 "sp-std",
 "sp-storage",
 "tiny-keccak",
 "twox-hash",
 "zeroize",
]

[[package]]
name = "sp-debug-derive"
version = "2.0.0-rc5"
source = "registry+https://github.com/rust-lang/crates.io-index"
checksum = "db388274224f88d94a0d2646353c690d6871d25f819c5da84fbc2d427fbb16a9"
dependencies = [
 "proc-macro2",
 "quote",
 "syn",
]

[[package]]
name = "sp-inherents"
version = "2.0.0-rc5"
source = "registry+https://github.com/rust-lang/crates.io-index"
checksum = "38524ebd5b0932a029505b02eb9a56f6081245d386e8ee294c2dc0d2d59d2745"
dependencies = [
 "parity-scale-codec",
 "sp-core",
 "sp-std",
]

[[package]]
name = "sp-io"
version = "2.0.0-rc5"
source = "registry+https://github.com/rust-lang/crates.io-index"
checksum = "77c5e3dbf239e31b7bbcceea4faabab94dc0ff1e3ae3ebeaf35147f5a963fc75"
dependencies = [
 "hash-db",
 "parity-scale-codec",
 "sp-core",
 "sp-runtime-interface",
 "sp-std",
 "sp-tracing",
 "sp-wasm-interface",
]

[[package]]
name = "sp-runtime"
version = "2.0.0-rc5"
source = "registry+https://github.com/rust-lang/crates.io-index"
checksum = "6c4ed14778efe72accd8f70cc815f56a79aa954c90ff42dfe19a44c7c4e1c049"
dependencies = [
 "either",
 "hash256-std-hasher",
 "impl-trait-for-tuples",
 "parity-scale-codec",
 "parity-util-mem",
 "paste",
 "sp-application-crypto",
 "sp-arithmetic",
 "sp-core",
 "sp-inherents",
 "sp-io",
 "sp-std",
]

[[package]]
name = "sp-runtime-interface"
version = "2.0.0-rc5"
source = "registry+https://github.com/rust-lang/crates.io-index"
checksum = "d8f54304ab714b860f959f8f67cda6c09e70aaee90ebe34369757f156aa17b46"
dependencies = [
 "parity-scale-codec",
 "primitive-types",
 "sp-runtime-interface-proc-macro",
 "sp-std",
 "sp-tracing",
 "sp-wasm-interface",
 "static_assertions",
]

[[package]]
name = "sp-runtime-interface-proc-macro"
version = "2.0.0-rc5"
source = "registry+https://github.com/rust-lang/crates.io-index"
checksum = "e4b1fbc3d08d09b97d3321dd27bb0c950a1044ab72662ed09aa3ab6e9cc5384f"
dependencies = [
 "Inflector",
 "proc-macro-crate",
 "proc-macro2",
 "quote",
 "syn",
]

[[package]]
name = "sp-std"
version = "2.0.0-rc5"
source = "registry+https://github.com/rust-lang/crates.io-index"
checksum = "2a58c21080bbfd72305a66db730d9cfaac50100a85071f560b133881f70e109a"

[[package]]
name = "sp-storage"
version = "2.0.0-rc5"
source = "registry+https://github.com/rust-lang/crates.io-index"
checksum = "f29963c6391fbc0aba93d79288c1284229a55de384ae0ee45894d74222432b51"
dependencies = [
 "ref-cast",
 "sp-debug-derive",
 "sp-std",
]

[[package]]
name = "sp-tracing"
version = "2.0.0-rc5"
source = "registry+https://github.com/rust-lang/crates.io-index"
checksum = "609a82203b73d298ea5d0892cd626c8b527ea333a64cdb506a61fd92d422f21d"

[[package]]
name = "sp-version"
version = "2.0.0-rc5"
source = "registry+https://github.com/rust-lang/crates.io-index"
checksum = "2363e63c5bfbd95ae44bf4cdf7eb65d95ccf1e7613809fc3a22e4a6135749bd6"
dependencies = [
 "parity-scale-codec",
 "sp-runtime",
 "sp-std",
]

[[package]]
name = "sp-wasm-interface"
version = "2.0.0-rc5"
source = "registry+https://github.com/rust-lang/crates.io-index"
checksum = "07e015754c6dab38a067b1122048f1c5b67d146319c46c27468b336dff98de5c"
dependencies = [
 "impl-trait-for-tuples",
 "parity-scale-codec",
 "sp-std",
]

[[package]]
name = "static_assertions"
version = "1.1.0"
source = "registry+https://github.com/rust-lang/crates.io-index"
checksum = "a2eb9349b6444b326872e140eb1cf5e7c522154d69e7a0ffb0fb81c06b37543f"

[[package]]
name = "substrate-api-client"
version = "0.4.8-sub2.0.0-rc5"
dependencies = [
 "frame-metadata",
 "frame-support",
 "frame-system",
 "hex",
 "pallet-balances",
 "parity-scale-codec",
 "sp-core",
 "sp-io",
 "sp-runtime",
 "sp-std",
 "sp-version",
]

[[package]]
name = "subtle"
version = "1.0.0"
source = "registry+https://github.com/rust-lang/crates.io-index"
checksum = "2d67a5a62ba6e01cb2192ff309324cb4875d0c451d55fe2319433abe7a05a8ee"

[[package]]
name = "subtle"
version = "2.2.2"
source = "registry+https://github.com/rust-lang/crates.io-index"
checksum = "7c65d530b10ccaeac294f349038a597e435b18fb456aadd0840a623f83b9e941"

[[package]]
name = "syn"
version = "1.0.17"
source = "registry+https://github.com/rust-lang/crates.io-index"
checksum = "0df0eb663f387145cab623dea85b09c2c5b4b0aef44e945d928e682fce71bb03"
dependencies = [
 "proc-macro2",
 "quote",
 "unicode-xid",
]

[[package]]
name = "synstructure"
version = "0.12.3"
source = "registry+https://github.com/rust-lang/crates.io-index"
checksum = "67656ea1dc1b41b1451851562ea232ec2e5a80242139f7e679ceccfb5d61f545"
dependencies = [
 "proc-macro2",
 "quote",
 "syn",
 "unicode-xid",
]

[[package]]
name = "test_no_std"
version = "0.1.0"
dependencies = [
 "libc",
 "sp-application-crypto",
 "sp-io",
 "substrate-api-client",
]

[[package]]
name = "thread_local"
version = "1.0.1"
source = "registry+https://github.com/rust-lang/crates.io-index"
checksum = "d40c6d1b69745a6ec6fb1ca717914848da4b44ae29d9b3080cbee91d72a69b14"
dependencies = [
 "lazy_static",
]

[[package]]
name = "tiny-keccak"
version = "2.0.1"
source = "registry+https://github.com/rust-lang/crates.io-index"
checksum = "2953ca5148619bc99695c1274cb54c5275bbb913c6adad87e72eaf8db9787f69"
dependencies = [
 "crunchy",
]

[[package]]
name = "toml"
version = "0.5.6"
source = "registry+https://github.com/rust-lang/crates.io-index"
checksum = "ffc92d160b1eef40665be3a05630d003936a3bc7da7421277846c2613e92c71a"
dependencies = [
 "serde",
]

[[package]]
name = "twox-hash"
version = "1.5.0"
source = "registry+https://github.com/rust-lang/crates.io-index"
checksum = "3bfd5b7557925ce778ff9b9ef90e3ade34c524b5ff10e239c69a42d546d2af56"

[[package]]
name = "typenum"
version = "1.12.0"
source = "registry+https://github.com/rust-lang/crates.io-index"
checksum = "373c8a200f9e67a0c95e62a4f52fbf80c23b4381c05a17845531982fa99e6b33"

[[package]]
name = "uint"
version = "0.8.3"
source = "registry+https://github.com/rust-lang/crates.io-index"
checksum = "173cd16430c206dc1a430af8a89a0e9c076cf15cb42b4aedb10e8cc8fee73681"
dependencies = [
 "byteorder",
 "crunchy",
 "rustc-hex",
 "static_assertions",
]

[[package]]
name = "unicode-xid"
version = "0.2.0"
source = "registry+https://github.com/rust-lang/crates.io-index"
checksum = "826e7639553986605ec5979c7dd957c7895e93eabed50ab2ffa7f6128a75097c"

[[package]]
name = "version_check"
version = "0.9.2"
source = "registry+https://github.com/rust-lang/crates.io-index"
checksum = "b5a972e5669d67ba988ce3dc826706fb0a8b01471c088cb0b6110b805cc36aed"

[[package]]
name = "winapi"
version = "0.3.8"
source = "registry+https://github.com/rust-lang/crates.io-index"
checksum = "8093091eeb260906a183e6ae1abdba2ef5ef2257a21801128899c3fc699229c6"
dependencies = [
 "winapi-i686-pc-windows-gnu",
 "winapi-x86_64-pc-windows-gnu",
]

[[package]]
name = "winapi-i686-pc-windows-gnu"
version = "0.4.0"
source = "registry+https://github.com/rust-lang/crates.io-index"
checksum = "ac3b87c63620426dd9b991e5ce0329eff545bccbbb34f3be09ff6fb6ab51b7b6"

[[package]]
name = "winapi-x86_64-pc-windows-gnu"
version = "0.4.0"
source = "registry+https://github.com/rust-lang/crates.io-index"
checksum = "712e227841d057c1ee1cd2fb22fa7e5a5461ae8e48fa2ca79ec42cfc1931183f"

[[package]]
name = "zeroize"
version = "1.1.0"
source = "registry+https://github.com/rust-lang/crates.io-index"
checksum = "3cbac2ed2ba24cc90f5e06485ac8c7c1e5449fe8911aef4d8877218af021a5b8"
dependencies = [
 "zeroize_derive",
]

[[package]]
name = "zeroize_derive"
version = "1.0.0"
source = "registry+https://github.com/rust-lang/crates.io-index"
checksum = "de251eec69fc7c1bc3923403d18ececb929380e016afe103da75f396704f8ca2"
dependencies = [
 "proc-macro2",
 "quote",
 "syn",
 "synstructure",
]
